
Microsoft Visual Studio Solution File, Format Version 12.00
# Visual Studio Version 17
VisualStudioVersion = 17.13.35825.156 d17.13
MinimumVisualStudioVersion = 10.0.40219.1
Project("{FAE04EC0-301F-11D3-BF4B-00C04F79EFBC}") = "Lab02-3", "Lab02-3.csproj", "{2C6BDF3C-3AAE-C502-EBF6-8D5A556345F4}"
EndProject
Global
	GlobalSection(SolutionConfigurationPlatforms) = preSolution
		Debug|Any CPU = Debug|Any CPU
		Release|Any CPU = Release|Any CPU
	EndGlobalSection
	GlobalSection(ProjectConfigurationPlatforms) = postSolution
		{2C6BDF3C-3AAE-C502-EBF6-8D5A556345F4}.Debug|Any CPU.ActiveCfg = Debug|Any CPU
		{2C6BDF3C-3AAE-C502-EBF6-8D5A556345F4}.Debug|Any CPU.Build.0 = Debug|Any CPU
		{2C6BDF3C-3AAE-C502-EBF6-8D5A556345F4}.Release|Any CPU.ActiveCfg = Release|Any CPU
		{2C6BDF3C-3AAE-C502-EBF6-8D5A556345F4}.Release|Any CPU.Build.0 = Release|Any CPU
	EndGlobalSection
	GlobalSection(SolutionProperties) = preSolution
		HideSolutionNode = FALSE
	EndGlobalSection
	GlobalSection(ExtensibilityGlobals) = postSolution
		SolutionGuid = {425E1253-550C-401C-8C6A-4DDEA635076C}
	EndGlobalSection
EndGlobal
